
Microsoft Visual Studio Solution File, Format Version 12.00
# Visual Studio Version 17
VisualStudioVersion = 17.5.002.0
MinimumVisualStudioVersion = 10.0.40219.1
Project("{9A19103F-16F7-4668-BE54-9A1E7A4F7556}") = "PartyInvite", "PartyInvite.csproj", "{60B29281-DA64-472A-90E1-CE0BE9CD1374}"
EndProject
Global
	GlobalSection(SolutionConfigurationPlatforms) = preSolution
		Debug|Any CPU = Debug|Any CPU
		Release|Any CPU = Release|Any CPU
	EndGlobalSection
	GlobalSection(ProjectConfigurationPlatforms) = postSolution
		{60B29281-DA64-472A-90E1-CE0BE9CD1374}.Debug|Any CPU.ActiveCfg = Debug|Any CPU
		{60B29281-DA64-472A-90E1-CE0BE9CD1374}.Debug|Any CPU.Build.0 = Debug|Any CPU
		{60B29281-DA64-472A-90E1-CE0BE9CD1374}.Release|Any CPU.ActiveCfg = Release|Any CPU
		{60B29281-DA64-472A-90E1-CE0BE9CD1374}.Release|Any CPU.Build.0 = Release|Any CPU
	EndGlobalSection
	GlobalSection(SolutionProperties) = preSolution
		HideSolutionNode = FALSE
	EndGlobalSection
	GlobalSection(ExtensibilityGlobals) = postSolution
		SolutionGuid = {8B58508C-AA4A-4D37-8965-F00C84521CB8}
	EndGlobalSection
EndGlobal
