
Microsoft Visual Studio Solution File, Format Version 12.00
# Visual Studio Version 17
VisualStudioVersion = 17.5.002.0
MinimumVisualStudioVersion = 10.0.40219.1
Project("{9A19103F-16F7-4668-BE54-9A1E7A4F7556}") = "ResponseCachingApp", "ResponseCachingApp.csproj", "{1D9B6DDD-FD28-439D-8959-A7C4A2965EAE}"
EndProject
Global
	GlobalSection(SolutionConfigurationPlatforms) = preSolution
		Debug|Any CPU = Debug|Any CPU
		Release|Any CPU = Release|Any CPU
	EndGlobalSection
	GlobalSection(ProjectConfigurationPlatforms) = postSolution
		{1D9B6DDD-FD28-439D-8959-A7C4A2965EAE}.Debug|Any CPU.ActiveCfg = Debug|Any CPU
		{1D9B6DDD-FD28-439D-8959-A7C4A2965EAE}.Debug|Any CPU.Build.0 = Debug|Any CPU
		{1D9B6DDD-FD28-439D-8959-A7C4A2965EAE}.Release|Any CPU.ActiveCfg = Release|Any CPU
		{1D9B6DDD-FD28-439D-8959-A7C4A2965EAE}.Release|Any CPU.Build.0 = Release|Any CPU
	EndGlobalSection
	GlobalSection(SolutionProperties) = preSolution
		HideSolutionNode = FALSE
	EndGlobalSection
	GlobalSection(ExtensibilityGlobals) = postSolution
		SolutionGuid = {F1DF6989-4679-43C1-8755-6554F173CAB6}
	EndGlobalSection
EndGlobal
