
Microsoft Visual Studio Solution File, Format Version 12.00
# Visual Studio Version 17
VisualStudioVersion = 17.10.35013.160
MinimumVisualStudioVersion = 10.0.40219.1
Project("{9A19103F-16F7-4668-BE54-9A1E7A4F7556}") = "dotnet project 2", "dotnet project 2\dotnet project 2.csproj", "{BF369DEA-FCF2-4621-B987-2F5A6CD69A62}"
EndProject
Global
	GlobalSection(SolutionConfigurationPlatforms) = preSolution
		Debug|Any CPU = Debug|Any CPU
		Release|Any CPU = Release|Any CPU
	EndGlobalSection
	GlobalSection(ProjectConfigurationPlatforms) = postSolution
		{BF369DEA-FCF2-4621-B987-2F5A6CD69A62}.Debug|Any CPU.ActiveCfg = Debug|Any CPU
		{BF369DEA-FCF2-4621-B987-2F5A6CD69A62}.Debug|Any CPU.Build.0 = Debug|Any CPU
		{BF369DEA-FCF2-4621-B987-2F5A6CD69A62}.Release|Any CPU.ActiveCfg = Release|Any CPU
		{BF369DEA-FCF2-4621-B987-2F5A6CD69A62}.Release|Any CPU.Build.0 = Release|Any CPU
	EndGlobalSection
	GlobalSection(SolutionProperties) = preSolution
		HideSolutionNode = FALSE
	EndGlobalSection
	GlobalSection(ExtensibilityGlobals) = postSolution
		SolutionGuid = {9C8D4533-C9DC-4E54-9BF2-03E0E11EFE9E}
	EndGlobalSection
EndGlobal
