
Microsoft Visual Studio Solution File, Format Version 12.00
# Visual Studio Version 17
VisualStudioVersion = 17.5.002.0
MinimumVisualStudioVersion = 10.0.40219.1
Project("{9A19103F-16F7-4668-BE54-9A1E7A4F7556}") = "practical5", "practical5.csproj", "{9A8E28A9-EE8C-4A65-94AB-49A6FFC8903D}"
EndProject
Global
	GlobalSection(SolutionConfigurationPlatforms) = preSolution
		Debug|Any CPU = Debug|Any CPU
		Release|Any CPU = Release|Any CPU
	EndGlobalSection
	GlobalSection(ProjectConfigurationPlatforms) = postSolution
		{9A8E28A9-EE8C-4A65-94AB-49A6FFC8903D}.Debug|Any CPU.ActiveCfg = Debug|Any CPU
		{9A8E28A9-EE8C-4A65-94AB-49A6FFC8903D}.Debug|Any CPU.Build.0 = Debug|Any CPU
		{9A8E28A9-EE8C-4A65-94AB-49A6FFC8903D}.Release|Any CPU.ActiveCfg = Release|Any CPU
		{9A8E28A9-EE8C-4A65-94AB-49A6FFC8903D}.Release|Any CPU.Build.0 = Release|Any CPU
	EndGlobalSection
	GlobalSection(SolutionProperties) = preSolution
		HideSolutionNode = FALSE
	EndGlobalSection
	GlobalSection(ExtensibilityGlobals) = postSolution
		SolutionGuid = {8DA5E232-9791-4B04-BDDE-4F57858CB6CE}
	EndGlobalSection
EndGlobal
