
Microsoft Visual Studio Solution File, Format Version 12.00
# Visual Studio Version 17
VisualStudioVersion = 17.10.35013.160
MinimumVisualStudioVersion = 10.0.40219.1
Project("{FAE04EC0-301F-11D3-BF4B-00C04F79EFBC}") = "practicle4", "practicle4\practicle4.csproj", "{3C234DDB-7828-41D5-858F-8636B65083DA}"
EndProject
Global
	GlobalSection(SolutionConfigurationPlatforms) = preSolution
		Debug|Any CPU = Debug|Any CPU
		Release|Any CPU = Release|Any CPU
	EndGlobalSection
	GlobalSection(ProjectConfigurationPlatforms) = postSolution
		{3C234DDB-7828-41D5-858F-8636B65083DA}.Debug|Any CPU.ActiveCfg = Debug|Any CPU
		{3C234DDB-7828-41D5-858F-8636B65083DA}.Debug|Any CPU.Build.0 = Debug|Any CPU
		{3C234DDB-7828-41D5-858F-8636B65083DA}.Release|Any CPU.ActiveCfg = Release|Any CPU
		{3C234DDB-7828-41D5-858F-8636B65083DA}.Release|Any CPU.Build.0 = Release|Any CPU
	EndGlobalSection
	GlobalSection(SolutionProperties) = preSolution
		HideSolutionNode = FALSE
	EndGlobalSection
	GlobalSection(ExtensibilityGlobals) = postSolution
		SolutionGuid = {4C6E262C-7E92-4D0C-99F6-2E985E2F7565}
	EndGlobalSection
EndGlobal
