
Microsoft Visual Studio Solution File, Format Version 12.00
# Visual Studio Version 17
VisualStudioVersion = 17.5.002.0
MinimumVisualStudioVersion = 10.0.40219.1
Project("{9A19103F-16F7-4668-BE54-9A1E7A4F7556}") = "practical1", "practical1.csproj", "{0CB7C56D-2C98-417C-B0C2-A0F6A0C92581}"
EndProject
Global
	GlobalSection(SolutionConfigurationPlatforms) = preSolution
		Debug|Any CPU = Debug|Any CPU
		Release|Any CPU = Release|Any CPU
	EndGlobalSection
	GlobalSection(ProjectConfigurationPlatforms) = postSolution
		{0CB7C56D-2C98-417C-B0C2-A0F6A0C92581}.Debug|Any CPU.ActiveCfg = Debug|Any CPU
		{0CB7C56D-2C98-417C-B0C2-A0F6A0C92581}.Debug|Any CPU.Build.0 = Debug|Any CPU
		{0CB7C56D-2C98-417C-B0C2-A0F6A0C92581}.Release|Any CPU.ActiveCfg = Release|Any CPU
		{0CB7C56D-2C98-417C-B0C2-A0F6A0C92581}.Release|Any CPU.Build.0 = Release|Any CPU
	EndGlobalSection
	GlobalSection(SolutionProperties) = preSolution
		HideSolutionNode = FALSE
	EndGlobalSection
	GlobalSection(ExtensibilityGlobals) = postSolution
		SolutionGuid = {2B32B7ED-3480-4114-86EC-97FFE334954C}
	EndGlobalSection
EndGlobal
